
Microsoft Visual Studio Solution File, Format Version 12.00
Project("{FAE04EC0-301F-11D3-BF4B-00C04F79EFBC}") = "Inforce.WebAPI", "Inforce.WebAPI\Inforce.WebAPI.csproj", "{BF376933-9BE6-42BA-8805-5967B86AF3C3}"
EndProject
Project("{FAE04EC0-301F-11D3-BF4B-00C04F79EFBC}") = "Inforce.BLL", "Inforce.BLL\Inforce.BLL.csproj", "{394F0D39-4BD3-4217-9EEB-2CAA8AF2DD62}"
EndProject
Project("{FAE04EC0-301F-11D3-BF4B-00C04F79EFBC}") = "Inforce.DAL", "Inforce.DAL\Inforce.DAL.csproj", "{065CEBE2-AD32-404E-8415-9B17AA6C6747}"
EndProject
Global
	GlobalSection(SolutionConfigurationPlatforms) = preSolution
		Debug|Any CPU = Debug|Any CPU
		Release|Any CPU = Release|Any CPU
	EndGlobalSection
	GlobalSection(ProjectConfigurationPlatforms) = postSolution
		{BF376933-9BE6-42BA-8805-5967B86AF3C3}.Debug|Any CPU.ActiveCfg = Debug|Any CPU
		{BF376933-9BE6-42BA-8805-5967B86AF3C3}.Debug|Any CPU.Build.0 = Debug|Any CPU
		{BF376933-9BE6-42BA-8805-5967B86AF3C3}.Release|Any CPU.ActiveCfg = Release|Any CPU
		{BF376933-9BE6-42BA-8805-5967B86AF3C3}.Release|Any CPU.Build.0 = Release|Any CPU
		{394F0D39-4BD3-4217-9EEB-2CAA8AF2DD62}.Debug|Any CPU.ActiveCfg = Debug|Any CPU
		{394F0D39-4BD3-4217-9EEB-2CAA8AF2DD62}.Debug|Any CPU.Build.0 = Debug|Any CPU
		{394F0D39-4BD3-4217-9EEB-2CAA8AF2DD62}.Release|Any CPU.ActiveCfg = Release|Any CPU
		{394F0D39-4BD3-4217-9EEB-2CAA8AF2DD62}.Release|Any CPU.Build.0 = Release|Any CPU
		{065CEBE2-AD32-404E-8415-9B17AA6C6747}.Debug|Any CPU.ActiveCfg = Debug|Any CPU
		{065CEBE2-AD32-404E-8415-9B17AA6C6747}.Debug|Any CPU.Build.0 = Debug|Any CPU
		{065CEBE2-AD32-404E-8415-9B17AA6C6747}.Release|Any CPU.ActiveCfg = Release|Any CPU
		{065CEBE2-AD32-404E-8415-9B17AA6C6747}.Release|Any CPU.Build.0 = Release|Any CPU
	EndGlobalSection
EndGlobal
